Microsoft Visual Studio Solution File, Format Version 12.00
# Visual Studio Version 17
VisualStudioVersion = 17.10.34928.147
MinimumVisualStudioVersion = 10.0.40219.1
Project("{2150E333-8FDC-42A3-9474-1A3956D46DE8}") = "0.1 Commons", "0.1 Commons", "{4B86DE0F-E49B-4F15-B0D8-6EABF2B436A9}"
EndProject
Project("{2150E333-8FDC-42A3-9474-1A3956D46DE8}") = "0.2 Aspire Dashboard", "0.2 Aspire Dashboard", "{CA39AA86-C20A-4284-909E-AF8D178A6BA5}"
EndProject
Project("{9A19103F-16F7-4668-BE54-9A1E7A4F7556}") = "LearningAspire.AppHost", "0.2 Aspire Dashboard\LearningAspire.AppHost\LearningAspire.AppHost.csproj", "{E18E146F-2463-4ACB-8356-AFE605ABD63E}"
EndProject
Project("{9A19103F-16F7-4668-BE54-9A1E7A4F7556}") = "LearningAspire.ServiceDefaults", "0.2 Aspire Dashboard\LearningAspire.ServiceDefaults\LearningAspire.ServiceDefaults.csproj", "{246CA74C-D13D-4CD2-B391-CF363569A195}"
EndProject
Project("{9A19103F-16F7-4668-BE54-9A1E7A4F7556}") = "LearningAspire.ApiService", "0.3 Microservices\LearningAspire.ApiService\LearningAspire.ApiService.csproj", "{205D5F0E-DED3-4726-843D-E727B5E0125B}"
EndProject
Project("{2150E333-8FDC-42A3-9474-1A3956D46DE8}") = "0.3 Microservices", "0.3 Microservices", "{302AEC67-76F9-4285-90A1-2E71AA09F255}"
EndProject
Project("{2150E333-8FDC-42A3-9474-1A3956D46DE8}") = "0.4 UIs", "0.4 UIs", "{440BDA56-35E7-4CDC-B90D-EA3ECE8CE627}"
EndProject
Project("{2150E333-8FDC-42A3-9474-1A3956D46DE8}") = "0.5 Tests", "0.5 Tests", "{78BAC0AA-B095-488C-9727-FE229161EEDB}"
EndProject
Project("{2150E333-8FDC-42A3-9474-1A3956D46DE8}") = "EmployeesService", "EmployeesService", "{7B02F14D-F1DC-4478-B0E3-D800F466FE33}"
EndProject
Project("{9A19103F-16F7-4668-BE54-9A1E7A4F7556}") = "LearningAspire.Web", "0.4 UIs\LearningAspire.Web\LearningAspire.Web.csproj", "{C174D7B3-EC3E-49E5-87D1-341BA8441209}"
EndProject
Project("{9A19103F-16F7-4668-BE54-9A1E7A4F7556}") = "LearningAspire.Tests", "0.5 Tests\LearningAspire.Tests\LearningAspire.Tests.csproj", "{C182AE89-534B-4E1F-A3D6-4998E860F5D3}"
EndProject
Project("{9A19103F-16F7-4668-BE54-9A1E7A4F7556}") = "LearningAspire.Commons", "0.1 Commons\LearningAspire.Commons\LearningAspire.Commons.csproj", "{F780F81D-E1B1-4893-B66F-D116C160608D}"
EndProject
Project("{9A19103F-16F7-4668-BE54-9A1E7A4F7556}") = "Employees.API", "0.3 Microservices\EmployeesService\EmployeesAPI\Employees.API.csproj", "{BB6449D2-53E4-40A8-A374-AD3A66DA6164}"
EndProject
Project("{9A19103F-16F7-4668-BE54-9A1E7A4F7556}") = "Employees.Domain", "0.3 Microservices\EmployeesService\Employees.Domain\Employees.Domain.csproj", "{19F5E67A-9BFA-48D6-94FE-A846EA695BA9}"
EndProject
Project("{9A19103F-16F7-4668-BE54-9A1E7A4F7556}") = "Employees.Infrastructure", "0.3 Microservices\EmployeesService\Employees.Infrastructure\Employees.Infrastructure.csproj", "{D9FC29D1-FF51-42BD-A969-2190CC3628C0}"
EndProject
Project("{9A19103F-16F7-4668-BE54-9A1E7A4F7556}") = "LearningAspire.EFCore.Common", "0.1 Commons\LearningAspire.EFCore.Common\LearningAspire.EFCore.Common.csproj", "{22B9927C-2F9B-49AF-82AE-A7C632639CA9}"
EndProject
Project("{2150E333-8FDC-42A3-9474-1A3956D46DE8}") = "Solution Items", "Solution Items", "{5D570D2A-DB59-41CF-88DC-E1371B3AD4F1}"
EndProject
Project("{2150E333-8FDC-42A3-9474-1A3956D46DE8}") = "0.6 Lessons Learnt", "0.6 Lessons Learnt", "{913A57C0-2C24-4649-9150-24AAE15F7F73}"
	ProjectSection(SolutionItems) = preProject
		0.6 Lessons Learnt\Aspire-AppHost.md = 0.6 Lessons Learnt\Aspire-AppHost.md
		0.6 Lessons Learnt\azd-github-actions.md = 0.6 Lessons Learnt\azd-github-actions.md
		0.6 Lessons Learnt\azure-application-insights.md = 0.6 Lessons Learnt\azure-application-insights.md
		0.6 Lessons Learnt\azure-cli.md = 0.6 Lessons Learnt\azure-cli.md
		0.6 Lessons Learnt\deployment-CLIs.md = 0.6 Lessons Learnt\deployment-CLIs.md
		0.6 Lessons Learnt\github-copilot.md = 0.6 Lessons Learnt\github-copilot.md
		0.6 Lessons Learnt\healthchecks-ui.md = 0.6 Lessons Learnt\healthchecks-ui.md
		0.6 Lessons Learnt\json-serializer.md = 0.6 Lessons Learnt\json-serializer.md
		0.6 Lessons Learnt\NativeAOT.md = 0.6 Lessons Learnt\NativeAOT.md
		0.6 Lessons Learnt\open-telemetry.md = 0.6 Lessons Learnt\open-telemetry.md
	EndProjectSection
EndProject
Project("{2150E333-8FDC-42A3-9474-1A3956D46DE8}") = "Images", "Images", "{3B61D791-6DF9-4446-A904-62ECF1DAB711}"
	ProjectSection(SolutionItems) = preProject
		0.6 Lessons Learnt\Images\add-mongo-container-ask.PNG = 0.6 Lessons Learnt\Images\add-mongo-container-ask.PNG
		0.6 Lessons Learnt\Images\add-mongo-container-result.PNG = 0.6 Lessons Learnt\Images\add-mongo-container-result.PNG
		0.6 Lessons Learnt\Images\add-sqlserver-container-ask.PNG = 0.6 Lessons Learnt\Images\add-sqlserver-container-ask.PNG
		0.6 Lessons Learnt\Images\add-sqlserver-container-result.PNG = 0.6 Lessons Learnt\Images\add-sqlserver-container-result.PNG
		0.6 Lessons Learnt\Images\add-sqlserver-container-wrong-result.png = 0.6 Lessons Learnt\Images\add-sqlserver-container-wrong-result.png
		0.6 Lessons Learnt\Images\app-insight-connection-string.PNG = 0.6 Lessons Learnt\Images\app-insight-connection-string.PNG
		0.6 Lessons Learnt\Images\app-insight-open-telemetry.PNG = 0.6 Lessons Learnt\Images\app-insight-open-telemetry.PNG
		0.6 Lessons Learnt\Images\aspire-dashboard-compared.PNG = 0.6 Lessons Learnt\Images\aspire-dashboard-compared.PNG
		0.6 Lessons Learnt\Images\aspire-dashboard-detail-compared.PNG = 0.6 Lessons Learnt\Images\aspire-dashboard-detail-compared.PNG
		0.6 Lessons Learnt\Images\aspire-dashboard-open-telemetry-detail.PNG = 0.6 Lessons Learnt\Images\aspire-dashboard-open-telemetry-detail.PNG
		0.6 Lessons Learnt\Images\aspire-dashboard-open-telemetry-trace.PNG = 0.6 Lessons Learnt\Images\aspire-dashboard-open-telemetry-trace.PNG
		0.6 Lessons Learnt\Images\aspire-dashboard-open-telemetry.PNG = 0.6 Lessons Learnt\Images\aspire-dashboard-open-telemetry.PNG
		0.6 Lessons Learnt\Images\aspire-host-sqlserver-connect.PNG = 0.6 Lessons Learnt\Images\aspire-host-sqlserver-connect.PNG
		0.6 Lessons Learnt\Images\aspire-host-sqlserver-port.PNG = 0.6 Lessons Learnt\Images\aspire-host-sqlserver-port.PNG
		0.6 Lessons Learnt\Images\azd-config-pipeline.PNG = 0.6 Lessons Learnt\Images\azd-config-pipeline.PNG
		0.6 Lessons Learnt\Images\azd-init-result.PNG = 0.6 Lessons Learnt\Images\azd-init-result.PNG
		0.6 Lessons Learnt\Images\azd-init.PNG = 0.6 Lessons Learnt\Images\azd-init.PNG
		0.6 Lessons Learnt\Images\azd-sync-creae-bicep.PNG = 0.6 Lessons Learnt\Images\azd-sync-creae-bicep.PNG
		0.6 Lessons Learnt\Images\azure-appinsight-availabilty-results.png = 0.6 Lessons Learnt\Images\azure-appinsight-availabilty-results.png
		0.6 Lessons Learnt\Images\azure-appinsight-availabilty-test.png = 0.6 Lessons Learnt\Images\azure-appinsight-availabilty-test.png
		0.6 Lessons Learnt\Images\azure-appinsight-heartbeat.PNG = 0.6 Lessons Learnt\Images\azure-appinsight-heartbeat.PNG
		0.6 Lessons Learnt\Images\azure-appinsight-traces-app-started.PNG = 0.6 Lessons Learnt\Images\azure-appinsight-traces-app-started.PNG
		0.6 Lessons Learnt\Images\azure-dashboard-compared.PNG = 0.6 Lessons Learnt\Images\azure-dashboard-compared.PNG
		0.6 Lessons Learnt\Images\azure-dashboard-detail-compared.PNG = 0.6 Lessons Learnt\Images\azure-dashboard-detail-compared.PNG
		0.6 Lessons Learnt\Images\bicep-install-issue-fix-1.PNG = 0.6 Lessons Learnt\Images\bicep-install-issue-fix-1.PNG
		0.6 Lessons Learnt\Images\bicep-install-issue-fix.PNG = 0.6 Lessons Learnt\Images\bicep-install-issue-fix.PNG
		0.6 Lessons Learnt\Images\bicep-install-issue.PNG = 0.6 Lessons Learnt\Images\bicep-install-issue.PNG
		0.6 Lessons Learnt\Images\healthchecks-applications-map.PNG = 0.6 Lessons Learnt\Images\healthchecks-applications-map.PNG
		0.6 Lessons Learnt\Images\healthchecks-azure-monitor-dashboard.PNG = 0.6 Lessons Learnt\Images\healthchecks-azure-monitor-dashboard.PNG
		0.6 Lessons Learnt\Images\healthchecks-dashboard.PNG = 0.6 Lessons Learnt\Images\healthchecks-dashboard.PNG
		0.6 Lessons Learnt\Images\healthchecks-dependent-check-1.PNG = 0.6 Lessons Learnt\Images\healthchecks-dependent-check-1.PNG
		0.6 Lessons Learnt\Images\healthchecks-dependent-checks.PNG = 0.6 Lessons Learnt\Images\healthchecks-dependent-checks.PNG
		0.6 Lessons Learnt\Images\healthchecks-ssl-issue.PNG = 0.6 Lessons Learnt\Images\healthchecks-ssl-issue.PNG
		0.6 Lessons Learnt\json-serializer.md = 0.6 Lessons Learnt\json-serializer.md
		0.6 Lessons Learnt\Images\vs-update-environment-variables.PNG = 0.6 Lessons Learnt\Images\vs-update-environment-variables.PNG
	EndProjectSection
EndProject
Project("{2150E333-8FDC-42A3-9474-1A3956D46DE8}") = "0.7 Others", "0.7 Others", "{EB345315-93DC-4B38-9EC0-9C73D2DA2F44}"
EndProject
Project("{2150E333-8FDC-42A3-9474-1A3956D46DE8}") = "git hooks", "git hooks", "{4AA70863-9F95-4187-A535-9E0626CBAB8A}"
	ProjectSection(SolutionItems) = preProject
		0.7 Others\git hooks\prepare-commit-msg = 0.7 Others\git hooks\prepare-commit-msg
	EndProjectSection
EndProject
Global
	GlobalSection(SolutionConfigurationPlatforms) = preSolution
		Debug|Any CPU = Debug|Any CPU
		Release|Any CPU = Release|Any CPU
	EndGlobalSection
	GlobalSection(ProjectConfigurationPlatforms) = postSolution
		{E18E146F-2463-4ACB-8356-AFE605ABD63E}.Debug|Any CPU.ActiveCfg = Debug|Any CPU
		{E18E146F-2463-4ACB-8356-AFE605ABD63E}.Debug|Any CPU.Build.0 = Debug|Any CPU
		{E18E146F-2463-4ACB-8356-AFE605ABD63E}.Release|Any CPU.ActiveCfg = Release|Any CPU
		{E18E146F-2463-4ACB-8356-AFE605ABD63E}.Release|Any CPU.Build.0 = Release|Any CPU
		{246CA74C-D13D-4CD2-B391-CF363569A195}.Debug|Any CPU.ActiveCfg = Debug|Any CPU
		{246CA74C-D13D-4CD2-B391-CF363569A195}.Debug|Any CPU.Build.0 = Debug|Any CPU
		{246CA74C-D13D-4CD2-B391-CF363569A195}.Release|Any CPU.ActiveCfg = Release|Any CPU
		{246CA74C-D13D-4CD2-B391-CF363569A195}.Release|Any CPU.Build.0 = Release|Any CPU
		{205D5F0E-DED3-4726-843D-E727B5E0125B}.Debug|Any CPU.ActiveCfg = Debug|Any CPU
		{205D5F0E-DED3-4726-843D-E727B5E0125B}.Debug|Any CPU.Build.0 = Debug|Any CPU
		{205D5F0E-DED3-4726-843D-E727B5E0125B}.Release|Any CPU.ActiveCfg = Release|Any CPU
		{205D5F0E-DED3-4726-843D-E727B5E0125B}.Release|Any CPU.Build.0 = Release|Any CPU
		{C174D7B3-EC3E-49E5-87D1-341BA8441209}.Debug|Any CPU.ActiveCfg = Debug|Any CPU
		{C174D7B3-EC3E-49E5-87D1-341BA8441209}.Debug|Any CPU.Build.0 = Debug|Any CPU
		{C174D7B3-EC3E-49E5-87D1-341BA8441209}.Release|Any CPU.ActiveCfg = Release|Any CPU
		{C174D7B3-EC3E-49E5-87D1-341BA8441209}.Release|Any CPU.Build.0 = Release|Any CPU
		{C182AE89-534B-4E1F-A3D6-4998E860F5D3}.Debug|Any CPU.ActiveCfg = Debug|Any CPU
		{C182AE89-534B-4E1F-A3D6-4998E860F5D3}.Debug|Any CPU.Build.0 = Debug|Any CPU
		{C182AE89-534B-4E1F-A3D6-4998E860F5D3}.Release|Any CPU.ActiveCfg = Release|Any CPU
		{C182AE89-534B-4E1F-A3D6-4998E860F5D3}.Release|Any CPU.Build.0 = Release|Any CPU
		{F780F81D-E1B1-4893-B66F-D116C160608D}.Debug|Any CPU.ActiveCfg = Debug|Any CPU
		{F780F81D-E1B1-4893-B66F-D116C160608D}.Debug|Any CPU.Build.0 = Debug|Any CPU
		{F780F81D-E1B1-4893-B66F-D116C160608D}.Release|Any CPU.ActiveCfg = Release|Any CPU
		{F780F81D-E1B1-4893-B66F-D116C160608D}.Release|Any CPU.Build.0 = Release|Any CPU
		{BB6449D2-53E4-40A8-A374-AD3A66DA6164}.Debug|Any CPU.ActiveCfg = Debug|Any CPU
		{BB6449D2-53E4-40A8-A374-AD3A66DA6164}.Debug|Any CPU.Build.0 = Debug|Any CPU
		{BB6449D2-53E4-40A8-A374-AD3A66DA6164}.Release|Any CPU.ActiveCfg = Release|Any CPU
		{BB6449D2-53E4-40A8-A374-AD3A66DA6164}.Release|Any CPU.Build.0 = Release|Any CPU
		{19F5E67A-9BFA-48D6-94FE-A846EA695BA9}.Debug|Any CPU.ActiveCfg = Debug|Any CPU
		{19F5E67A-9BFA-48D6-94FE-A846EA695BA9}.Debug|Any CPU.Build.0 = Debug|Any CPU
		{19F5E67A-9BFA-48D6-94FE-A846EA695BA9}.Release|Any CPU.ActiveCfg = Release|Any CPU
		{19F5E67A-9BFA-48D6-94FE-A846EA695BA9}.Release|Any CPU.Build.0 = Release|Any CPU
		{D9FC29D1-FF51-42BD-A969-2190CC3628C0}.Debug|Any CPU.ActiveCfg = Debug|Any CPU
		{D9FC29D1-FF51-42BD-A969-2190CC3628C0}.Debug|Any CPU.Build.0 = Debug|Any CPU
		{D9FC29D1-FF51-42BD-A969-2190CC3628C0}.Release|Any CPU.ActiveCfg = Release|Any CPU
		{D9FC29D1-FF51-42BD-A969-2190CC3628C0}.Release|Any CPU.Build.0 = Release|Any CPU
		{22B9927C-2F9B-49AF-82AE-A7C632639CA9}.Debug|Any CPU.ActiveCfg = Debug|Any CPU
		{22B9927C-2F9B-49AF-82AE-A7C632639CA9}.Debug|Any CPU.Build.0 = Debug|Any CPU
		{22B9927C-2F9B-49AF-82AE-A7C632639CA9}.Release|Any CPU.ActiveCfg = Release|Any CPU
		{22B9927C-2F9B-49AF-82AE-A7C632639CA9}.Release|Any CPU.Build.0 = Release|Any CPU
	EndGlobalSection
	GlobalSection(SolutionProperties) = preSolution
		HideSolutionNode = FALSE
	EndGlobalSection
	GlobalSection(NestedProjects) = preSolution
		{E18E146F-2463-4ACB-8356-AFE605ABD63E} = {CA39AA86-C20A-4284-909E-AF8D178A6BA5}
		{246CA74C-D13D-4CD2-B391-CF363569A195} = {CA39AA86-C20A-4284-909E-AF8D178A6BA5}
		{205D5F0E-DED3-4726-843D-E727B5E0125B} = {302AEC67-76F9-4285-90A1-2E71AA09F255}
		{7B02F14D-F1DC-4478-B0E3-D800F466FE33} = {302AEC67-76F9-4285-90A1-2E71AA09F255}
		{C174D7B3-EC3E-49E5-87D1-341BA8441209} = {440BDA56-35E7-4CDC-B90D-EA3ECE8CE627}
		{C182AE89-534B-4E1F-A3D6-4998E860F5D3} = {78BAC0AA-B095-488C-9727-FE229161EEDB}
		{F780F81D-E1B1-4893-B66F-D116C160608D} = {4B86DE0F-E49B-4F15-B0D8-6EABF2B436A9}
		{BB6449D2-53E4-40A8-A374-AD3A66DA6164} = {7B02F14D-F1DC-4478-B0E3-D800F466FE33}
		{19F5E67A-9BFA-48D6-94FE-A846EA695BA9} = {7B02F14D-F1DC-4478-B0E3-D800F466FE33}
		{D9FC29D1-FF51-42BD-A969-2190CC3628C0} = {7B02F14D-F1DC-4478-B0E3-D800F466FE33}
		{22B9927C-2F9B-49AF-82AE-A7C632639CA9} = {4B86DE0F-E49B-4F15-B0D8-6EABF2B436A9}
		{3B61D791-6DF9-4446-A904-62ECF1DAB711} = {913A57C0-2C24-4649-9150-24AAE15F7F73}
		{4AA70863-9F95-4187-A535-9E0626CBAB8A} = {EB345315-93DC-4B38-9EC0-9C73D2DA2F44}
	EndGlobalSection
	GlobalSection(ExtensibilityGlobals) = postSolution
		SolutionGuid = {D22D7AC9-37EE-4825-B46C-8B37B11744EB}
	EndGlobalSection
EndGlobal
